
Microsoft Visual Studio Solution File, Format Version 12.00
# Visual Studio Version 16
VisualStudioVersion = 16.0.32510.428
MinimumVisualStudioVersion = 10.0.40219.1
Project("{FAE04EC0-301F-11D3-BF4B-00C04F79EFBC}") = "BookStore", "BookStore\BookStore.csproj", "{5B781ACF-11BF-48B9-BA95-C3847F4E49CD}"
EndProject
Global
	GlobalSection(SolutionConfigurationPlatforms) = preSolution
		Debug|Any CPU = Debug|Any CPU
		Release|Any CPU = Release|Any CPU
	EndGlobalSection
	GlobalSection(ProjectConfigurationPlatforms) = postSolution
		{5B781ACF-11BF-48B9-BA95-C3847F4E49CD}.Debug|Any CPU.ActiveCfg = Debug|Any CPU
		{5B781ACF-11BF-48B9-BA95-C3847F4E49CD}.Debug|Any CPU.Build.0 = Debug|Any CPU
		{5B781ACF-11BF-48B9-BA95-C3847F4E49CD}.Release|Any CPU.ActiveCfg = Release|Any CPU
		{5B781ACF-11BF-48B9-BA95-C3847F4E49CD}.Release|Any CPU.Build.0 = Release|Any CPU
	EndGlobalSection
	GlobalSection(SolutionProperties) = preSolution
		HideSolutionNode = FALSE
	EndGlobalSection
	GlobalSection(ExtensibilityGlobals) = postSolution
		SolutionGuid = {CF8FCEA0-202F-423A-8033-348BA174DEDD}
	EndGlobalSection
EndGlobal
